
Microsoft Visual Studio Solution File, Format Version 12.00
# Visual Studio Version 17
VisualStudioVersion = 17.4.33103.184
MinimumVisualStudioVersion = 10.0.40219.1
Project("{FAE04EC0-301F-11D3-BF4B-00C04F79EFBC}") = "Курсовая2.0", "Курсовая2.0\Курсовая2.0.csproj", "{88BC078B-4D67-4603-91F3-D5C04CD0E801}"
EndProject
Global
	GlobalSection(SolutionConfigurationPlatforms) = preSolution
		Debug|Any CPU = Debug|Any CPU
		Release|Any CPU = Release|Any CPU
	EndGlobalSection
	GlobalSection(ProjectConfigurationPlatforms) = postSolution
		{88BC078B-4D67-4603-91F3-D5C04CD0E801}.Debug|Any CPU.ActiveCfg = Debug|Any CPU
		{88BC078B-4D67-4603-91F3-D5C04CD0E801}.Debug|Any CPU.Build.0 = Debug|Any CPU
		{88BC078B-4D67-4603-91F3-D5C04CD0E801}.Release|Any CPU.ActiveCfg = Release|Any CPU
		{88BC078B-4D67-4603-91F3-D5C04CD0E801}.Release|Any CPU.Build.0 = Release|Any CPU
	EndGlobalSection
	GlobalSection(SolutionProperties) = preSolution
		HideSolutionNode = FALSE
	EndGlobalSection
	GlobalSection(ExtensibilityGlobals) = postSolution
		SolutionGuid = {15E67C40-7996-4AFF-A1E7-FE9D611EE9C4}
	EndGlobalSection
EndGlobal
